
Microsoft Visual Studio Solution File, Format Version 12.00
# Visual Studio Version 17
VisualStudioVersion = 17.3.32825.248
MinimumVisualStudioVersion = 10.0.40219.1
Project("{FAE04EC0-301F-11D3-BF4B-00C04F79EFBC}") = "HW_Tasks_54_56_58_60_622", "HW_Tasks_54_56_58_60_622\HW_Tasks_54_56_58_60_622.csproj", "{67D03C9B-7B56-4CF3-8B9A-90DA3ED25F8B}"
EndProject
Global
	GlobalSection(SolutionConfigurationPlatforms) = preSolution
		Debug|Any CPU = Debug|Any CPU
		Release|Any CPU = Release|Any CPU
	EndGlobalSection
	GlobalSection(ProjectConfigurationPlatforms) = postSolution
		{67D03C9B-7B56-4CF3-8B9A-90DA3ED25F8B}.Debug|Any CPU.ActiveCfg = Debug|Any CPU
		{67D03C9B-7B56-4CF3-8B9A-90DA3ED25F8B}.Debug|Any CPU.Build.0 = Debug|Any CPU
		{67D03C9B-7B56-4CF3-8B9A-90DA3ED25F8B}.Release|Any CPU.ActiveCfg = Release|Any CPU
		{67D03C9B-7B56-4CF3-8B9A-90DA3ED25F8B}.Release|Any CPU.Build.0 = Release|Any CPU
	EndGlobalSection
	GlobalSection(SolutionProperties) = preSolution
		HideSolutionNode = FALSE
	EndGlobalSection
	GlobalSection(ExtensibilityGlobals) = postSolution
		SolutionGuid = {2118D881-6F1C-4DA5-A375-014D672DCEA9}
	EndGlobalSection
EndGlobal
