
Microsoft Visual Studio Solution File, Format Version 12.00
# Visual Studio Version 17
VisualStudioVersion = 17.3.32825.248
MinimumVisualStudioVersion = 10.0.40219.1
Project("{FAE04EC0-301F-11D3-BF4B-00C04F79EFBC}") = "HW_Tasks_25_27_29", "HW_Tasks_25_27_29\HW_Tasks_25_27_29.csproj", "{80E061F2-7D19-4E57-9A49-E4A6C151A066}"
EndProject
Global
	GlobalSection(SolutionConfigurationPlatforms) = preSolution
		Debug|Any CPU = Debug|Any CPU
		Release|Any CPU = Release|Any CPU
	EndGlobalSection
	GlobalSection(ProjectConfigurationPlatforms) = postSolution
		{80E061F2-7D19-4E57-9A49-E4A6C151A066}.Debug|Any CPU.ActiveCfg = Debug|Any CPU
		{80E061F2-7D19-4E57-9A49-E4A6C151A066}.Debug|Any CPU.Build.0 = Debug|Any CPU
		{80E061F2-7D19-4E57-9A49-E4A6C151A066}.Release|Any CPU.ActiveCfg = Release|Any CPU
		{80E061F2-7D19-4E57-9A49-E4A6C151A066}.Release|Any CPU.Build.0 = Release|Any CPU
	EndGlobalSection
	GlobalSection(SolutionProperties) = preSolution
		HideSolutionNode = FALSE
	EndGlobalSection
	GlobalSection(ExtensibilityGlobals) = postSolution
		SolutionGuid = {63A0ED20-E688-4BC6-9F1D-016A3257FC9F}
	EndGlobalSection
EndGlobal
