
Microsoft Visual Studio Solution File, Format Version 12.00
# Visual Studio Version 17
VisualStudioVersion = 17.3.32825.248
MinimumVisualStudioVersion = 10.0.40219.1
Project("{FAE04EC0-301F-11D3-BF4B-00C04F79EFBC}") = "HW_Tasks_64_66_68", "HW_Tasks_64_66_68\HW_Tasks_64_66_68.csproj", "{D4B00BE0-C8A9-489E-9E5E-3B6746E3A7EF}"
EndProject
Global
	GlobalSection(SolutionConfigurationPlatforms) = preSolution
		Debug|Any CPU = Debug|Any CPU
		Release|Any CPU = Release|Any CPU
	EndGlobalSection
	GlobalSection(ProjectConfigurationPlatforms) = postSolution
		{D4B00BE0-C8A9-489E-9E5E-3B6746E3A7EF}.Debug|Any CPU.ActiveCfg = Debug|Any CPU
		{D4B00BE0-C8A9-489E-9E5E-3B6746E3A7EF}.Debug|Any CPU.Build.0 = Debug|Any CPU
		{D4B00BE0-C8A9-489E-9E5E-3B6746E3A7EF}.Release|Any CPU.ActiveCfg = Release|Any CPU
		{D4B00BE0-C8A9-489E-9E5E-3B6746E3A7EF}.Release|Any CPU.Build.0 = Release|Any CPU
	EndGlobalSection
	GlobalSection(SolutionProperties) = preSolution
		HideSolutionNode = FALSE
	EndGlobalSection
	GlobalSection(ExtensibilityGlobals) = postSolution
		SolutionGuid = {4AF7E8EA-12BF-4E92-97EF-77F7D7D1FE03}
	EndGlobalSection
EndGlobal
