
Microsoft Visual Studio Solution File, Format Version 12.00
# Visual Studio Version 17
VisualStudioVersion = 17.3.32825.248
MinimumVisualStudioVersion = 10.0.40219.1
Project("{FAE04EC0-301F-11D3-BF4B-00C04F79EFBC}") = "HW_Task_2", "HW_Task_2\HW_Task_2.csproj", "{0EA38EF7-A51D-4F55-8DC0-019C8720E2F3}"
EndProject
Global
	GlobalSection(SolutionConfigurationPlatforms) = preSolution
		Debug|Any CPU = Debug|Any CPU
		Release|Any CPU = Release|Any CPU
	EndGlobalSection
	GlobalSection(ProjectConfigurationPlatforms) = postSolution
		{0EA38EF7-A51D-4F55-8DC0-019C8720E2F3}.Debug|Any CPU.ActiveCfg = Debug|Any CPU
		{0EA38EF7-A51D-4F55-8DC0-019C8720E2F3}.Debug|Any CPU.Build.0 = Debug|Any CPU
		{0EA38EF7-A51D-4F55-8DC0-019C8720E2F3}.Release|Any CPU.ActiveCfg = Release|Any CPU
		{0EA38EF7-A51D-4F55-8DC0-019C8720E2F3}.Release|Any CPU.Build.0 = Release|Any CPU
	EndGlobalSection
	GlobalSection(SolutionProperties) = preSolution
		HideSolutionNode = FALSE
	EndGlobalSection
	GlobalSection(ExtensibilityGlobals) = postSolution
		SolutionGuid = {0A4F1F08-EC41-47BB-88EE-8B8D94F3CAFC}
	EndGlobalSection
EndGlobal
